# THIS IS AN AUTOGENERATED FILE. DO NOT EDIT THIS FILE DIRECTLY.
# yarn lockfile v1


prettier-plugin-tailwindcss@^0.5.14:
  version "0.5.14"
  resolved "https://registry.yarnpkg.com/prettier-plugin-tailwindcss/-/prettier-plugin-tailwindcss-0.5.14.tgz#4482eed357d5e22eac259541c70aca5a4c7b9d5c"
  integrity sha512-Puaz+wPUAhFp8Lo9HuciYKM2Y2XExESjeT+9NQoVFXZsPPnc9VYss2SpxdQ6vbatmt8/4+SN0oe0I1cPDABg9Q==

prettier@^3.2.5:
  version "3.2.5"
  resolved "https://registry.yarnpkg.com/prettier/-/prettier-3.2.5.tgz#e52bc3090586e824964a8813b09aba6233b28368"
  integrity sha512-3/GWa9aOC0YeD7LUfvOG2NiDyhOWRvt1k+rcKhOuYnMY24iiCphgneUfJDyFXd6rZCAnuLBv6UeAULtrhT/F4A==
